
Microsoft Visual Studio Solution File, Format Version 12.00
# Visual Studio 2013
VisualStudioVersion = 12.0.30723.0
MinimumVisualStudioVersion = 10.0.40219.1
Project("{FAE04EC0-301F-11D3-BF4B-00C04F79EFBC}") = "Lab_6_Observer", "Lab_6_Observer\Lab_6_Observer.csproj", "{68C7498E-ACCD-4DCE-81E3-BC4175063BBE}"
EndProject
Global
	GlobalSection(SolutionConfigurationPlatforms) = preSolution
		Debug|Any CPU = Debug|Any CPU
		Release|Any CPU = Release|Any CPU
	EndGlobalSection
	GlobalSection(ProjectConfigurationPlatforms) = postSolution
		{68C7498E-ACCD-4DCE-81E3-BC4175063BBE}.Debug|Any CPU.ActiveCfg = Debug|Any CPU
		{68C7498E-ACCD-4DCE-81E3-BC4175063BBE}.Debug|Any CPU.Build.0 = Debug|Any CPU
		{68C7498E-ACCD-4DCE-81E3-BC4175063BBE}.Release|Any CPU.ActiveCfg = Release|Any CPU
		{68C7498E-ACCD-4DCE-81E3-BC4175063BBE}.Release|Any CPU.Build.0 = Release|Any CPU
	EndGlobalSection
	GlobalSection(SolutionProperties) = preSolution
		HideSolutionNode = FALSE
	EndGlobalSection
EndGlobal
